// !$*UTF8*$!
{
	archiveVersion = 1;
	classes = {
	};
	objectVersion = 56;
	objects = {

/* Begin PBXBuildFile section */
		467F5B31298D1A45007D4E4A /* AppDelegate.swift in Sources */ = {isa = PBXBuildFile; fileRef = 467F5B30298D1A45007D4E4A /* AppDelegate.swift */; };
		467F5B33298D1A45007D4E4A /* SceneDelegate.swift in Sources */ = {isa = PBXBuildFile; fileRef = 467F5B32298D1A45007D4E4A /* SceneDelegate.swift */; };
		467F5B3A298D1A47007D4E4A /* Assets.xcassets in Resources */ = {isa = PBXBuildFile; fileRef = 467F5B39298D1A47007D4E4A /* Assets.xcassets */; };
		467F5B3D298D1A47007D4E4A /* LaunchScreen.storyboard in Resources */ = {isa = PBXBuildFile; fileRef = 467F5B3B298D1A47007D4E4A /* LaunchScreen.storyboard */; };
		467F5B48298D1B07007D4E4A /* State.swift in Sources */ = {isa = PBXBuildFile; fileRef = 467F5B47298D1B07007D4E4A /* State.swift */; };
		467F5B4A298D1B2E007D4E4A /* PhoneNumberFofmatter.swift in Sources */ = {isa = PBXBuildFile; fileRef = 467F5B49298D1B2E007D4E4A /* PhoneNumberFofmatter.swift */; };
		467F5B4C298D1B5B007D4E4A /* CircularImageView.swift in Sources */ = {isa = PBXBuildFile; fileRef = 467F5B4B298D1B5B007D4E4A /* CircularImageView.swift */; };
		467F5B51298D1BE1007D4E4A /* CoreDataManager.swift in Sources */ = {isa = PBXBuildFile; fileRef = 467F5B50298D1BE1007D4E4A /* CoreDataManager.swift */; };
		467F5B54298D1BFF007D4E4A /* CoreDataModel.xcdatamodeld in Sources */ = {isa = PBXBuildFile; fileRef = 467F5B52298D1BFF007D4E4A /* CoreDataModel.xcdatamodeld */; };
		467F5B56298D1D8B007D4E4A /* preload.json in Resources */ = {isa = PBXBuildFile; fileRef = 467F5B55298D1D8B007D4E4A /* preload.json */; };
		467F5B58298D1E98007D4E4A /* AppCoordinator.swift in Sources */ = {isa = PBXBuildFile; fileRef = 467F5B57298D1E98007D4E4A /* AppCoordinator.swift */; };
		467F5B5A298D1F1D007D4E4A /* TabCoordinator.swift in Sources */ = {isa = PBXBuildFile; fileRef = 467F5B59298D1F1D007D4E4A /* TabCoordinator.swift */; };
		467F5B5C298D1F61007D4E4A /* CustomColor.swift in Sources */ = {isa = PBXBuildFile; fileRef = 467F5B5B298D1F61007D4E4A /* CustomColor.swift */; };
		467F5B5E298D201D007D4E4A /* HomeCoordinator.swift in Sources */ = {isa = PBXBuildFile; fileRef = 467F5B5D298D201D007D4E4A /* HomeCoordinator.swift */; };
		467F5B60298D206D007D4E4A /* ProfileCoordinator.swift in Sources */ = {isa = PBXBuildFile; fileRef = 467F5B5F298D206D007D4E4A /* ProfileCoordinator.swift */; };
		467F5B62298D20A0007D4E4A /* FavoritesCoordinator.swift in Sources */ = {isa = PBXBuildFile; fileRef = 467F5B61298D20A0007D4E4A /* FavoritesCoordinator.swift */; };
		467F5B65298D2139007D4E4A /* String+Extension.swift in Sources */ = {isa = PBXBuildFile; fileRef = 467F5B64298D2139007D4E4A /* String+Extension.swift */; };
		467F5B67298D2154007D4E4A /* UIView+Extension.swift in Sources */ = {isa = PBXBuildFile; fileRef = 467F5B66298D2154007D4E4A /* UIView+Extension.swift */; };
		467F5B69298D2169007D4E4A /* UIAlertController+Extension.swift in Sources */ = {isa = PBXBuildFile; fileRef = 467F5B68298D2169007D4E4A /* UIAlertController+Extension.swift */; };
		467F5B74298D2255007D4E4A /* HomeViewModel.swift in Sources */ = {isa = PBXBuildFile; fileRef = 467F5B73298D2255007D4E4A /* HomeViewModel.swift */; };
		467F5B76298D2298007D4E4A /* PreloadData.swift in Sources */ = {isa = PBXBuildFile; fileRef = 467F5B75298D2298007D4E4A /* PreloadData.swift */; };
		467F5B78298D2330007D4E4A /* HomeViewController.swift in Sources */ = {isa = PBXBuildFile; fileRef = 467F5B77298D2330007D4E4A /* HomeViewController.swift */; };
		467F5B7A298D3543007D4E4A /* Typealiases.swift in Sources */ = {isa = PBXBuildFile; fileRef = 467F5B79298D3543007D4E4A /* Typealiases.swift */; };
		467F5B7C298D3583007D4E4A /* HomeSection.swift in Sources */ = {isa = PBXBuildFile; fileRef = 467F5B7B298D3583007D4E4A /* HomeSection.swift */; };
		467F5B7E298D3A30007D4E4A /* HomeFriendCell.swift in Sources */ = {isa = PBXBuildFile; fileRef = 467F5B7D298D3A30007D4E4A /* HomeFriendCell.swift */; };
		467F5B80298D3B59007D4E4A /* HomeCompositionalLayout.swift in Sources */ = {isa = PBXBuildFile; fileRef = 467F5B7F298D3B59007D4E4A /* HomeCompositionalLayout.swift */; };
		467F5B82298D3F9B007D4E4A /* HomePostCell.swift in Sources */ = {isa = PBXBuildFile; fileRef = 467F5B81298D3F9B007D4E4A /* HomePostCell.swift */; };
		467F5B86298EE16D007D4E4A /* HomePostDetailViewController.swift in Sources */ = {isa = PBXBuildFile; fileRef = 467F5B85298EE16D007D4E4A /* HomePostDetailViewController.swift */; };
		46988E69298F0397003ECEBD /* FavoritesCompositionLayout.swift in Sources */ = {isa = PBXBuildFile; fileRef = 46988E68298F0397003ECEBD /* FavoritesCompositionLayout.swift */; };
		46988E6B298F03BC003ECEBD /* FavoritesSection.swift in Sources */ = {isa = PBXBuildFile; fileRef = 46988E6A298F03BC003ECEBD /* FavoritesSection.swift */; };
		46988E6D298F0418003ECEBD /* FavoritesViewModel.swift in Sources */ = {isa = PBXBuildFile; fileRef = 46988E6C298F0418003ECEBD /* FavoritesViewModel.swift */; };
		46988E6F298F0515003ECEBD /* FavoritesViewController.swift in Sources */ = {isa = PBXBuildFile; fileRef = 46988E6E298F0515003ECEBD /* FavoritesViewController.swift */; };
		46988E71298F05A9003ECEBD /* FavoritesCell.swift in Sources */ = {isa = PBXBuildFile; fileRef = 46988E70298F05A9003ECEBD /* FavoritesCell.swift */; };
		46988E73298F0BA4003ECEBD /* FavoritesDetailsViewController.swift in Sources */ = {isa = PBXBuildFile; fileRef = 46988E72298F0BA4003ECEBD /* FavoritesDetailsViewController.swift */; };
		46A1A51329929831005A48B8 /* AuthCoordinator.swift in Sources */ = {isa = PBXBuildFile; fileRef = 46A1A51229929831005A48B8 /* AuthCoordinator.swift */; };
		46A1A5182992989A005A48B8 /* ConfirmLoginViewModel.swift in Sources */ = {isa = PBXBuildFile; fileRef = 46A1A5172992989A005A48B8 /* ConfirmLoginViewModel.swift */; };
		46A1A51A299298B0005A48B8 /* ConfirmRegisterViewModel.swift in Sources */ = {isa = PBXBuildFile; fileRef = 46A1A519299298B0005A48B8 /* ConfirmRegisterViewModel.swift */; };
		46A1A51C299298CD005A48B8 /* AuthViewController.swift in Sources */ = {isa = PBXBuildFile; fileRef = 46A1A51B299298CD005A48B8 /* AuthViewController.swift */; };
		46A1A51E299298F1005A48B8 /* LoginViewController.swift in Sources */ = {isa = PBXBuildFile; fileRef = 46A1A51D299298F1005A48B8 /* LoginViewController.swift */; };
		46A1A52029929920005A48B8 /* ConfirmLoginViewController.swift in Sources */ = {isa = PBXBuildFile; fileRef = 46A1A51F29929920005A48B8 /* ConfirmLoginViewController.swift */; };
		46A1A52229929945005A48B8 /* RegisterViewController.swift in Sources */ = {isa = PBXBuildFile; fileRef = 46A1A52129929945005A48B8 /* RegisterViewController.swift */; };
		46A1A52429929963005A48B8 /* ConfirmRegisterViewController.swift in Sources */ = {isa = PBXBuildFile; fileRef = 46A1A52329929963005A48B8 /* ConfirmRegisterViewController.swift */; };
		46A1A52729929AAC005A48B8 /* FirebaseAuth in Frameworks */ = {isa = PBXBuildFile; productRef = 46A1A52629929AAC005A48B8 /* FirebaseAuth */; };
		46A1A52B29929CE2005A48B8 /* AuthService.swift in Sources */ = {isa = PBXBuildFile; fileRef = 46A1A52A29929CE2005A48B8 /* AuthService.swift */; };
		46A1A52D29929D70005A48B8 /* CustomError.swift in Sources */ = {isa = PBXBuildFile; fileRef = 46A1A52C29929D70005A48B8 /* CustomError.swift */; };
		46A1A52F29929EFE005A48B8 /* GoogleService-Info.plist in Resources */ = {isa = PBXBuildFile; fileRef = 46A1A52E29929EFE005A48B8 /* GoogleService-Info.plist */; };
		46C5456E29939DB600C5CD35 /* README.md in Resources */ = {isa = PBXBuildFile; fileRef = 46C5456D29939DB600C5CD35 /* README.md */; };
		46C545762993D7FF00C5CD35 /* favorite.gif in Resources */ = {isa = PBXBuildFile; fileRef = 46C545732993D7FE00C5CD35 /* favorite.gif */; };
		46C545772993D7FF00C5CD35 /* friend.gif in Resources */ = {isa = PBXBuildFile; fileRef = 46C545742993D7FF00C5CD35 /* friend.gif */; };
		46C545782993D7FF00C5CD35 /* start.gif in Resources */ = {isa = PBXBuildFile; fileRef = 46C545752993D7FF00C5CD35 /* start.gif */; };
		46CB4B8D29910BCB00A7AD9C /* ProfileViewController.swift in Sources */ = {isa = PBXBuildFile; fileRef = 46CB4B8C29910BCB00A7AD9C /* ProfileViewController.swift */; };
		46CB4B8F29910C4300A7AD9C /* ProfileViewModel.swift in Sources */ = {isa = PBXBuildFile; fileRef = 46CB4B8E29910C4300A7AD9C /* ProfileViewModel.swift */; };
		46CB4B9129910C7B00A7AD9C /* ProfileSection.swift in Sources */ = {isa = PBXBuildFile; fileRef = 46CB4B9029910C7B00A7AD9C /* ProfileSection.swift */; };
		46CB4B9329910CEE00A7AD9C /* ProfileCompositionalLayout.swift in Sources */ = {isa = PBXBuildFile; fileRef = 46CB4B9229910CEE00A7AD9C /* ProfileCompositionalLayout.swift */; };
		46CB4B952991201C00A7AD9C /* ProfileInfoCell.swift in Sources */ = {isa = PBXBuildFile; fileRef = 46CB4B942991201C00A7AD9C /* ProfileInfoCell.swift */; };
		46CB4B972991230900A7AD9C /* ProfilePhotoCell.swift in Sources */ = {isa = PBXBuildFile; fileRef = 46CB4B962991230900A7AD9C /* ProfilePhotoCell.swift */; };
		46CB4B992991232600A7AD9C /* ProfilePostCell.swift in Sources */ = {isa = PBXBuildFile; fileRef = 46CB4B982991232600A7AD9C /* ProfilePostCell.swift */; };
		46CB4B9B29914EF700A7AD9C /* ProfilePostDetailViewController.swift in Sources */ = {isa = PBXBuildFile; fileRef = 46CB4B9A29914EF700A7AD9C /* ProfilePostDetailViewController.swift */; };
		46CB4B9D29914FEF00A7AD9C /* ProfilePostDetailViewModel.swift in Sources */ = {isa = PBXBuildFile; fileRef = 46CB4B9C29914FEF00A7AD9C /* ProfilePostDetailViewModel.swift */; };
		46CB4B9F299157A300A7AD9C /* ProfilePhotosViewContoller.swift in Sources */ = {isa = PBXBuildFile; fileRef = 46CB4B9E299157A300A7AD9C /* ProfilePhotosViewContoller.swift */; };
		46CB4BA12991585000A7AD9C /* ProfilePhotosViewModel.swift in Sources */ = {isa = PBXBuildFile; fileRef = 46CB4BA02991585000A7AD9C /* ProfilePhotosViewModel.swift */; };
		46CB4BA329916D0C00A7AD9C /* ProfilePhotosDetailViewController.swift in Sources */ = {isa = PBXBuildFile; fileRef = 46CB4BA229916D0C00A7AD9C /* ProfilePhotosDetailViewController.swift */; };
		46CB4BA729916EDB00A7AD9C /* ProfilePhotoDetailViewModel.swift in Sources */ = {isa = PBXBuildFile; fileRef = 46CB4BA629916EDB00A7AD9C /* ProfilePhotoDetailViewModel.swift */; };
		46CB4BA929916FE800A7AD9C /* ProfilePhotosDetailViewModel.swift in Sources */ = {isa = PBXBuildFile; fileRef = 46CB4BA829916FE800A7AD9C /* ProfilePhotosDetailViewModel.swift */; };
		46CB4BAB2991753100A7AD9C /* ProfilePhotoDetailCell.swift in Sources */ = {isa = PBXBuildFile; fileRef = 46CB4BAA2991753100A7AD9C /* ProfilePhotoDetailCell.swift */; };
/* End PBXBuildFile section */

/* Begin PBXFileReference section */
		467F5B2D298D1A45007D4E4A /* Vnavigate.app */ = {isa = PBXFileReference; explicitFileType = wrapper.application; includeInIndex = 0; path = Vnavigate.app; sourceTree = BUILT_PRODUCTS_DIR; };
		467F5B30298D1A45007D4E4A /* AppDelegate.swift */ = {isa = PBXFileReference; lastKnownFileType = sourcecode.swift; path = AppDelegate.swift; sourceTree = "<group>"; };
		467F5B32298D1A45007D4E4A /* SceneDelegate.swift */ = {isa = PBXFileReference; lastKnownFileType = sourcecode.swift; path = SceneDelegate.swift; sourceTree = "<group>"; };
		467F5B39298D1A47007D4E4A /* Assets.xcassets */ = {isa = PBXFileReference; lastKnownFileType = folder.assetcatalog; path = Assets.xcassets; sourceTree = "<group>"; };
		467F5B3C298D1A47007D4E4A /* Base */ = {isa = PBXFileReference; lastKnownFileType = file.storyboard; name = Base; path = Base.lproj/LaunchScreen.storyboard; sourceTree = "<group>"; };
		467F5B3E298D1A47007D4E4A /* Info.plist */ = {isa = PBXFileReference; lastKnownFileType = text.plist.xml; path = Info.plist; sourceTree = "<group>"; };
		467F5B47298D1B07007D4E4A /* State.swift */ = {isa = PBXFileReference; lastKnownFileType = sourcecode.swift; path = State.swift; sourceTree = "<group>"; };
		467F5B49298D1B2E007D4E4A /* PhoneNumberFofmatter.swift */ = {isa = PBXFileReference; lastKnownFileType = sourcecode.swift; path = PhoneNumberFofmatter.swift; sourceTree = "<group>"; };
		467F5B4B298D1B5B007D4E4A /* CircularImageView.swift */ = {isa = PBXFileReference; lastKnownFileType = sourcecode.swift; path = CircularImageView.swift; sourceTree = "<group>"; };
		467F5B50298D1BE1007D4E4A /* CoreDataManager.swift */ = {isa = PBXFileReference; lastKnownFileType = sourcecode.swift; path = CoreDataManager.swift; sourceTree = "<group>"; };
		467F5B53298D1BFF007D4E4A /* CoreDataModel.xcdatamodel */ = {isa = PBXFileReference; lastKnownFileType = wrapper.xcdatamodel; path = CoreDataModel.xcdatamodel; sourceTree = "<group>"; };
		467F5B55298D1D8B007D4E4A /* preload.json */ = {isa = PBXFileReference; lastKnownFileType = text.json; path = preload.json; sourceTree = "<group>"; };
		467F5B57298D1E98007D4E4A /* AppCoordinator.swift */ = {isa = PBXFileReference; lastKnownFileType = sourcecode.swift; path = AppCoordinator.swift; sourceTree = "<group>"; };
		467F5B59298D1F1D007D4E4A /* TabCoordinator.swift */ = {isa = PBXFileReference; lastKnownFileType = sourcecode.swift; path = TabCoordinator.swift; sourceTree = "<group>"; };
		467F5B5B298D1F61007D4E4A /* CustomColor.swift */ = {isa = PBXFileReference; lastKnownFileType = sourcecode.swift; path = CustomColor.swift; sourceTree = "<group>"; };
		467F5B5D298D201D007D4E4A /* HomeCoordinator.swift */ = {isa = PBXFileReference; lastKnownFileType = sourcecode.swift; path = HomeCoordinator.swift; sourceTree = "<group>"; };
		467F5B5F298D206D007D4E4A /* ProfileCoordinator.swift */ = {isa = PBXFileReference; lastKnownFileType = sourcecode.swift; path = ProfileCoordinator.swift; sourceTree = "<group>"; };
		467F5B61298D20A0007D4E4A /* FavoritesCoordinator.swift */ = {isa = PBXFileReference; lastKnownFileType = sourcecode.swift; path = FavoritesCoordinator.swift; sourceTree = "<group>"; };
		467F5B64298D2139007D4E4A /* String+Extension.swift */ = {isa = PBXFileReference; lastKnownFileType = sourcecode.swift; path = "String+Extension.swift"; sourceTree = "<group>"; };
		467F5B66298D2154007D4E4A /* UIView+Extension.swift */ = {isa = PBXFileReference; lastKnownFileType = sourcecode.swift; path = "UIView+Extension.swift"; sourceTree = "<group>"; };
		467F5B68298D2169007D4E4A /* UIAlertController+Extension.swift */ = {isa = PBXFileReference; lastKnownFileType = sourcecode.swift; path = "UIAlertController+Extension.swift"; sourceTree = "<group>"; };
		467F5B73298D2255007D4E4A /* HomeViewModel.swift */ = {isa = PBXFileReference; lastKnownFileType = sourcecode.swift; path = HomeViewModel.swift; sourceTree = "<group>"; };
		467F5B75298D2298007D4E4A /* PreloadData.swift */ = {isa = PBXFileReference; lastKnownFileType = sourcecode.swift; path = PreloadData.swift; sourceTree = "<group>"; };
		467F5B77298D2330007D4E4A /* HomeViewController.swift */ = {isa = PBXFileReference; lastKnownFileType = sourcecode.swift; path = HomeViewController.swift; sourceTree = "<group>"; };
		467F5B79298D3543007D4E4A /* Typealiases.swift */ = {isa = PBXFileReference; lastKnownFileType = sourcecode.swift; path = Typealiases.swift; sourceTree = "<group>"; };
		467F5B7B298D3583007D4E4A /* HomeSection.swift */ = {isa = PBXFileReference; lastKnownFileType = sourcecode.swift; path = HomeSection.swift; sourceTree = "<group>"; };
		467F5B7D298D3A30007D4E4A /* HomeFriendCell.swift */ = {isa = PBXFileReference; lastKnownFileType = sourcecode.swift; path = HomeFriendCell.swift; sourceTree = "<group>"; };
		467F5B7F298D3B59007D4E4A /* HomeCompositionalLayout.swift */ = {isa = PBXFileReference; lastKnownFileType = sourcecode.swift; path = HomeCompositionalLayout.swift; sourceTree = "<group>"; };
		467F5B81298D3F9B007D4E4A /* HomePostCell.swift */ = {isa = PBXFileReference; lastKnownFileType = sourcecode.swift; path = HomePostCell.swift; sourceTree = "<group>"; };
		467F5B85298EE16D007D4E4A /* HomePostDetailViewController.swift */ = {isa = PBXFileReference; lastKnownFileType = sourcecode.swift; path = HomePostDetailViewController.swift; sourceTree = "<group>"; };
		46988E68298F0397003ECEBD /* FavoritesCompositionLayout.swift */ = {isa = PBXFileReference; lastKnownFileType = sourcecode.swift; path = FavoritesCompositionLayout.swift; sourceTree = "<group>"; };
		46988E6A298F03BC003ECEBD /* FavoritesSection.swift */ = {isa = PBXFileReference; lastKnownFileType = sourcecode.swift; path = FavoritesSection.swift; sourceTree = "<group>"; };
		46988E6C298F0418003ECEBD /* FavoritesViewModel.swift */ = {isa = PBXFileReference; lastKnownFileType = sourcecode.swift; path = FavoritesViewModel.swift; sourceTree = "<group>"; };
		46988E6E298F0515003ECEBD /* FavoritesViewController.swift */ = {isa = PBXFileReference; lastKnownFileType = sourcecode.swift; path = FavoritesViewController.swift; sourceTree = "<group>"; };
		46988E70298F05A9003ECEBD /* FavoritesCell.swift */ = {isa = PBXFileReference; lastKnownFileType = sourcecode.swift; path = FavoritesCell.swift; sourceTree = "<group>"; };
		46988E72298F0BA4003ECEBD /* FavoritesDetailsViewController.swift */ = {isa = PBXFileReference; lastKnownFileType = sourcecode.swift; path = FavoritesDetailsViewController.swift; sourceTree = "<group>"; };
		46A1A51229929831005A48B8 /* AuthCoordinator.swift */ = {isa = PBXFileReference; lastKnownFileType = sourcecode.swift; path = AuthCoordinator.swift; sourceTree = "<group>"; };
		46A1A5172992989A005A48B8 /* ConfirmLoginViewModel.swift */ = {isa = PBXFileReference; lastKnownFileType = sourcecode.swift; path = ConfirmLoginViewModel.swift; sourceTree = "<group>"; };
		46A1A519299298B0005A48B8 /* ConfirmRegisterViewModel.swift */ = {isa = PBXFileReference; lastKnownFileType = sourcecode.swift; path = ConfirmRegisterViewModel.swift; sourceTree = "<group>"; };
		46A1A51B299298CD005A48B8 /* AuthViewController.swift */ = {isa = PBXFileReference; lastKnownFileType = sourcecode.swift; path = AuthViewController.swift; sourceTree = "<group>"; };
		46A1A51D299298F1005A48B8 /* LoginViewController.swift */ = {isa = PBXFileReference; lastKnownFileType = sourcecode.swift; path = LoginViewController.swift; sourceTree = "<group>"; };
		46A1A51F29929920005A48B8 /* ConfirmLoginViewController.swift */ = {isa = PBXFileReference; lastKnownFileType = sourcecode.swift; path = ConfirmLoginViewController.swift; sourceTree = "<group>"; };
		46A1A52129929945005A48B8 /* RegisterViewController.swift */ = {isa = PBXFileReference; lastKnownFileType = sourcecode.swift; path = RegisterViewController.swift; sourceTree = "<group>"; };
		46A1A52329929963005A48B8 /* ConfirmRegisterViewController.swift */ = {isa = PBXFileReference; lastKnownFileType = sourcecode.swift; path = ConfirmRegisterViewController.swift; sourceTree = "<group>"; };
		46A1A52A29929CE2005A48B8 /* AuthService.swift */ = {isa = PBXFileReference; lastKnownFileType = sourcecode.swift; path = AuthService.swift; sourceTree = "<group>"; };
		46A1A52C29929D70005A48B8 /* CustomError.swift */ = {isa = PBXFileReference; lastKnownFileType = sourcecode.swift; path = CustomError.swift; sourceTree = "<group>"; };
		46A1A52E29929EFE005A48B8 /* GoogleService-Info.plist */ = {isa = PBXFileReference; fileEncoding = 4; lastKnownFileType = text.plist.xml; path = "GoogleService-Info.plist"; sourceTree = "<group>"; };
		46C5456D29939DB600C5CD35 /* README.md */ = {isa = PBXFileReference; fileEncoding = 4; lastKnownFileType = net.daringfireball.markdown; path = README.md; sourceTree = "<group>"; };
		46C545732993D7FE00C5CD35 /* favorite.gif */ = {isa = PBXFileReference; lastKnownFileType = image.gif; path = favorite.gif; sourceTree = "<group>"; };
		46C545742993D7FF00C5CD35 /* friend.gif */ = {isa = PBXFileReference; lastKnownFileType = image.gif; path = friend.gif; sourceTree = "<group>"; };
		46C545752993D7FF00C5CD35 /* start.gif */ = {isa = PBXFileReference; lastKnownFileType = image.gif; path = start.gif; sourceTree = "<group>"; };
		46CB4B8C29910BCB00A7AD9C /* ProfileViewController.swift */ = {isa = PBXFileReference; lastKnownFileType = sourcecode.swift; path = ProfileViewController.swift; sourceTree = "<group>"; };
		46CB4B8E29910C4300A7AD9C /* ProfileViewModel.swift */ = {isa = PBXFileReference; lastKnownFileType = sourcecode.swift; path = ProfileViewModel.swift; sourceTree = "<group>"; };
		46CB4B9029910C7B00A7AD9C /* ProfileSection.swift */ = {isa = PBXFileReference; lastKnownFileType = sourcecode.swift; path = ProfileSection.swift; sourceTree = "<group>"; };
		46CB4B9229910CEE00A7AD9C /* ProfileCompositionalLayout.swift */ = {isa = PBXFileReference; lastKnownFileType = sourcecode.swift; path = ProfileCompositionalLayout.swift; sourceTree = "<group>"; };
		46CB4B942991201C00A7AD9C /* ProfileInfoCell.swift */ = {isa = PBXFileReference; lastKnownFileType = sourcecode.swift; path = ProfileInfoCell.swift; sourceTree = "<group>"; };
		46CB4B962991230900A7AD9C /* ProfilePhotoCell.swift */ = {isa = PBXFileReference; lastKnownFileType = sourcecode.swift; path = ProfilePhotoCell.swift; sourceTree = "<group>"; };
		46CB4B982991232600A7AD9C /* ProfilePostCell.swift */ = {isa = PBXFileReference; lastKnownFileType = sourcecode.swift; path = ProfilePostCell.swift; sourceTree = "<group>"; };
		46CB4B9A29914EF700A7AD9C /* ProfilePostDetailViewController.swift */ = {isa = PBXFileReference; lastKnownFileType = sourcecode.swift; path = ProfilePostDetailViewController.swift; sourceTree = "<group>"; };
		46CB4B9C29914FEF00A7AD9C /* ProfilePostDetailViewModel.swift */ = {isa = PBXFileReference; lastKnownFileType = sourcecode.swift; path = ProfilePostDetailViewModel.swift; sourceTree = "<group>"; };
		46CB4B9E299157A300A7AD9C /* ProfilePhotosViewContoller.swift */ = {isa = PBXFileReference; lastKnownFileType = sourcecode.swift; path = ProfilePhotosViewContoller.swift; sourceTree = "<group>"; };
		46CB4BA02991585000A7AD9C /* ProfilePhotosViewModel.swift */ = {isa = PBXFileReference; lastKnownFileType = sourcecode.swift; path = ProfilePhotosViewModel.swift; sourceTree = "<group>"; };
		46CB4BA229916D0C00A7AD9C /* ProfilePhotosDetailViewController.swift */ = {isa = PBXFileReference; lastKnownFileType = sourcecode.swift; path = ProfilePhotosDetailViewController.swift; sourceTree = "<group>"; };
		46CB4BA629916EDB00A7AD9C /* ProfilePhotoDetailViewModel.swift */ = {isa = PBXFileReference; lastKnownFileType = sourcecode.swift; path = ProfilePhotoDetailViewModel.swift; sourceTree = "<group>"; };
		46CB4BA829916FE800A7AD9C /* ProfilePhotosDetailViewModel.swift */ = {isa = PBXFileReference; lastKnownFileType = sourcecode.swift; path = ProfilePhotosDetailViewModel.swift; sourceTree = "<group>"; };
		46CB4BAA2991753100A7AD9C /* ProfilePhotoDetailCell.swift */ = {isa = PBXFileReference; lastKnownFileType = sourcecode.swift; path = ProfilePhotoDetailCell.swift; sourceTree = "<group>"; };
/* End PBXFileReference section */

/* Begin PBXFrameworksBuildPhase section */
		467F5B2A298D1A45007D4E4A /* Frameworks */ = {
			isa = PBXFrameworksBuildPhase;
			buildActionMask = 2147483647;
			files = (
				46A1A52729929AAC005A48B8 /* FirebaseAuth in Frameworks */,
			);
			runOnlyForDeploymentPostprocessing = 0;
		};
/* End PBXFrameworksBuildPhase section */

/* Begin PBXGroup section */
		467F5B24298D1A45007D4E4A = {
			isa = PBXGroup;
			children = (
				46C545722993D7E800C5CD35 /* READMEAssets */,
				46C5456D29939DB600C5CD35 /* README.md */,
				467F5B2F298D1A45007D4E4A /* Vnavigate */,
				467F5B2E298D1A45007D4E4A /* Products */,
			);
			sourceTree = "<group>";
		};
		467F5B2E298D1A45007D4E4A /* Products */ = {
			isa = PBXGroup;
			children = (
				467F5B2D298D1A45007D4E4A /* Vnavigate.app */,
			);
			name = Products;
			sourceTree = "<group>";
		};
		467F5B2F298D1A45007D4E4A /* Vnavigate */ = {
			isa = PBXGroup;
			children = (
				467F5B44298D1A97007D4E4A /* Application */,
				467F5B4D298D1B8E007D4E4A /* Coordinators */,
				467F5B4E298D1B9E007D4E4A /* CoreData */,
				467F5B4F298D1BB1007D4E4A /* PresentationLayer */,
				467F5B45298D1AB1007D4E4A /* Resources */,
				46A1A52929929CC6005A48B8 /* Services */,
				467F5B46298D1AE5007D4E4A /* Utilities */,
				467F5B3E298D1A47007D4E4A /* Info.plist */,
				46A1A52E29929EFE005A48B8 /* GoogleService-Info.plist */,
			);
			path = Vnavigate;
			sourceTree = "<group>";
		};
		467F5B44298D1A97007D4E4A /* Application */ = {
			isa = PBXGroup;
			children = (
				467F5B30298D1A45007D4E4A /* AppDelegate.swift */,
				467F5B32298D1A45007D4E4A /* SceneDelegate.swift */,
			);
			path = Application;
			sourceTree = "<group>";
		};
		467F5B45298D1AB1007D4E4A /* Resources */ = {
			isa = PBXGroup;
			children = (
				467F5B39298D1A47007D4E4A /* Assets.xcassets */,
				467F5B5B298D1F61007D4E4A /* CustomColor.swift */,
				467F5B3B298D1A47007D4E4A /* LaunchScreen.storyboard */,
			);
			path = Resources;
			sourceTree = "<group>";
		};
		467F5B46298D1AE5007D4E4A /* Utilities */ = {
			isa = PBXGroup;
			children = (
				467F5B4B298D1B5B007D4E4A /* CircularImageView.swift */,
				46A1A52C29929D70005A48B8 /* CustomError.swift */,
				467F5B49298D1B2E007D4E4A /* PhoneNumberFofmatter.swift */,
				467F5B47298D1B07007D4E4A /* State.swift */,
				467F5B79298D3543007D4E4A /* Typealiases.swift */,
			);
			path = Utilities;
			sourceTree = "<group>";
		};
		467F5B4D298D1B8E007D4E4A /* Coordinators */ = {
			isa = PBXGroup;
			children = (
				467F5B57298D1E98007D4E4A /* AppCoordinator.swift */,
				46A1A51229929831005A48B8 /* AuthCoordinator.swift */,
				467F5B61298D20A0007D4E4A /* FavoritesCoordinator.swift */,
				467F5B5D298D201D007D4E4A /* HomeCoordinator.swift */,
				467F5B5F298D206D007D4E4A /* ProfileCoordinator.swift */,
				467F5B59298D1F1D007D4E4A /* TabCoordinator.swift */,
			);
			path = Coordinators;
			sourceTree = "<group>";
		};
		467F5B4E298D1B9E007D4E4A /* CoreData */ = {
			isa = PBXGroup;
			children = (
				467F5B50298D1BE1007D4E4A /* CoreDataManager.swift */,
				467F5B52298D1BFF007D4E4A /* CoreDataModel.xcdatamodeld */,
				467F5B55298D1D8B007D4E4A /* preload.json */,
				467F5B75298D2298007D4E4A /* PreloadData.swift */,
			);
			path = CoreData;
			sourceTree = "<group>";
		};
		467F5B4F298D1BB1007D4E4A /* PresentationLayer */ = {
			isa = PBXGroup;
			children = (
				467F5B63298D2125007D4E4A /* Extensions */,
				467F5B6C298D21AC007D4E4A /* Modules */,
			);
			path = PresentationLayer;
			sourceTree = "<group>";
		};
		467F5B63298D2125007D4E4A /* Extensions */ = {
			isa = PBXGroup;
			children = (
				467F5B64298D2139007D4E4A /* String+Extension.swift */,
				467F5B66298D2154007D4E4A /* UIView+Extension.swift */,
				467F5B68298D2169007D4E4A /* UIAlertController+Extension.swift */,
			);
			path = Extensions;
			sourceTree = "<group>";
		};
		467F5B6C298D21AC007D4E4A /* Modules */ = {
			isa = PBXGroup;
			children = (
				46A1A51429929867005A48B8 /* Auth */,
				46988E62298F02B5003ECEBD /* Favorites */,
				467F5B6D298D21C0007D4E4A /* Home */,
				46CB4B8629910B4A00A7AD9C /* Profile */,
			);
			path = Modules;
			sourceTree = "<group>";
		};
		467F5B6D298D21C0007D4E4A /* Home */ = {
			isa = PBXGroup;
			children = (
				467F5B70298D220C007D4E4A /* Cells */,
				467F5B6F298D21F1007D4E4A /* Layouts */,
				467F5B72298D2237007D4E4A /* Models */,
				467F5B6E298D21D2007D4E4A /* ViewModels */,
				467F5B71298D2222007D4E4A /* Views */,
			);
			path = Home;
			sourceTree = "<group>";
		};
		467F5B6E298D21D2007D4E4A /* ViewModels */ = {
			isa = PBXGroup;
			children = (
				467F5B73298D2255007D4E4A /* HomeViewModel.swift */,
			);
			path = ViewModels;
			sourceTree = "<group>";
		};
		467F5B6F298D21F1007D4E4A /* Layouts */ = {
			isa = PBXGroup;
			children = (
				467F5B7F298D3B59007D4E4A /* HomeCompositionalLayout.swift */,
			);
			path = Layouts;
			sourceTree = "<group>";
		};
		467F5B70298D220C007D4E4A /* Cells */ = {
			isa = PBXGroup;
			children = (
				467F5B7D298D3A30007D4E4A /* HomeFriendCell.swift */,
				467F5B81298D3F9B007D4E4A /* HomePostCell.swift */,
			);
			path = Cells;
			sourceTree = "<group>";
		};
		467F5B71298D2222007D4E4A /* Views */ = {
			isa = PBXGroup;
			children = (
				467F5B77298D2330007D4E4A /* HomeViewController.swift */,
				467F5B85298EE16D007D4E4A /* HomePostDetailViewController.swift */,
			);
			path = Views;
			sourceTree = "<group>";
		};
		467F5B72298D2237007D4E4A /* Models */ = {
			isa = PBXGroup;
			children = (
				467F5B7B298D3583007D4E4A /* HomeSection.swift */,
			);
			path = Models;
			sourceTree = "<group>";
		};
		46988E62298F02B5003ECEBD /* Favorites */ = {
			isa = PBXGroup;
			children = (
				46988E63298F031E003ECEBD /* Cells */,
				46988E64298F0328003ECEBD /* Layouts */,
				46988E65298F0332003ECEBD /* Models */,
				46988E66298F033B003ECEBD /* ViewModels */,
				46988E67298F0345003ECEBD /* Views */,
			);
			path = Favorites;
			sourceTree = "<group>";
		};
		46988E63298F031E003ECEBD /* Cells */ = {
			isa = PBXGroup;
			children = (
				46988E70298F05A9003ECEBD /* FavoritesCell.swift */,
			);
			path = Cells;
			sourceTree = "<group>";
		};
		46988E64298F0328003ECEBD /* Layouts */ = {
			isa = PBXGroup;
			children = (
				46988E68298F0397003ECEBD /* FavoritesCompositionLayout.swift */,
			);
			path = Layouts;
			sourceTree = "<group>";
		};
		46988E65298F0332003ECEBD /* Models */ = {
			isa = PBXGroup;
			children = (
				46988E6A298F03BC003ECEBD /* FavoritesSection.swift */,
			);
			path = Models;
			sourceTree = "<group>";
		};
		46988E66298F033B003ECEBD /* ViewModels */ = {
			isa = PBXGroup;
			children = (
				46988E6C298F0418003ECEBD /* FavoritesViewModel.swift */,
			);
			path = ViewModels;
			sourceTree = "<group>";
		};
		46988E67298F0345003ECEBD /* Views */ = {
			isa = PBXGroup;
			children = (
				46988E6E298F0515003ECEBD /* FavoritesViewController.swift */,
				46988E72298F0BA4003ECEBD /* FavoritesDetailsViewController.swift */,
			);
			path = Views;
			sourceTree = "<group>";
		};
		46A1A51429929867005A48B8 /* Auth */ = {
			isa = PBXGroup;
			children = (
				46A1A5162992987D005A48B8 /* ViewModels */,
				46A1A51529929874005A48B8 /* Views */,
			);
			path = Auth;
			sourceTree = "<group>";
		};
		46A1A51529929874005A48B8 /* Views */ = {
			isa = PBXGroup;
			children = (
				46A1A51B299298CD005A48B8 /* AuthViewController.swift */,
				46A1A51F29929920005A48B8 /* ConfirmLoginViewController.swift */,
				46A1A52329929963005A48B8 /* ConfirmRegisterViewController.swift */,
				46A1A51D299298F1005A48B8 /* LoginViewController.swift */,
				46A1A52129929945005A48B8 /* RegisterViewController.swift */,
			);
			path = Views;
			sourceTree = "<group>";
		};
		46A1A5162992987D005A48B8 /* ViewModels */ = {
			isa = PBXGroup;
			children = (
				46A1A5172992989A005A48B8 /* ConfirmLoginViewModel.swift */,
				46A1A519299298B0005A48B8 /* ConfirmRegisterViewModel.swift */,
			);
			path = ViewModels;
			sourceTree = "<group>";
		};
		46A1A52929929CC6005A48B8 /* Services */ = {
			isa = PBXGroup;
			children = (
				46A1A52A29929CE2005A48B8 /* AuthService.swift */,
			);
			path = Services;
			sourceTree = "<group>";
		};
		46C545722993D7E800C5CD35 /* READMEAssets */ = {
			isa = PBXGroup;
			children = (
				46C545732993D7FE00C5CD35 /* favorite.gif */,
				46C545742993D7FF00C5CD35 /* friend.gif */,
				46C545752993D7FF00C5CD35 /* start.gif */,
			);
			path = READMEAssets;
			sourceTree = "<group>";
		};
		46CB4B8629910B4A00A7AD9C /* Profile */ = {
			isa = PBXGroup;
			children = (
				46CB4B8729910B5D00A7AD9C /* Cells */,
				46CB4B8829910B6800A7AD9C /* Layouts */,
				46CB4B8929910B7300A7AD9C /* Models */,
				46CB4B8A29910B8C00A7AD9C /* ViewModels */,
				46CB4B8B29910BA100A7AD9C /* Views */,
			);
			path = Profile;
			sourceTree = "<group>";
		};
		46CB4B8729910B5D00A7AD9C /* Cells */ = {
			isa = PBXGroup;
			children = (
				46CB4B942991201C00A7AD9C /* ProfileInfoCell.swift */,
				46CB4B962991230900A7AD9C /* ProfilePhotoCell.swift */,
				46CB4B982991232600A7AD9C /* ProfilePostCell.swift */,
				46CB4BAA2991753100A7AD9C /* ProfilePhotoDetailCell.swift */,
			);
			path = Cells;
			sourceTree = "<group>";
		};
		46CB4B8829910B6800A7AD9C /* Layouts */ = {
			isa = PBXGroup;
			children = (
				46CB4B9229910CEE00A7AD9C /* ProfileCompositionalLayout.swift */,
			);
			path = Layouts;
			sourceTree = "<group>";
		};
		46CB4B8929910B7300A7AD9C /* Models */ = {
			isa = PBXGroup;
			children = (
				46CB4B9029910C7B00A7AD9C /* ProfileSection.swift */,
			);
			path = Models;
			sourceTree = "<group>";
		};
		46CB4B8A29910B8C00A7AD9C /* ViewModels */ = {
			isa = PBXGroup;
			children = (
				46CB4B8E29910C4300A7AD9C /* ProfileViewModel.swift */,
				46CB4B9C29914FEF00A7AD9C /* ProfilePostDetailViewModel.swift */,
				46CB4BA02991585000A7AD9C /* ProfilePhotosViewModel.swift */,
				46CB4BA629916EDB00A7AD9C /* ProfilePhotoDetailViewModel.swift */,
				46CB4BA829916FE800A7AD9C /* ProfilePhotosDetailViewModel.swift */,
			);
			path = ViewModels;
			sourceTree = "<group>";
		};
		46CB4B8B29910BA100A7AD9C /* Views */ = {
			isa = PBXGroup;
			children = (
				46CB4B8C29910BCB00A7AD9C /* ProfileViewController.swift */,
				46CB4B9A29914EF700A7AD9C /* ProfilePostDetailViewController.swift */,
				46CB4B9E299157A300A7AD9C /* ProfilePhotosViewContoller.swift */,
				46CB4BA229916D0C00A7AD9C /* ProfilePhotosDetailViewController.swift */,
			);
			path = Views;
			sourceTree = "<group>";
		};
/* End PBXGroup section */

/* Begin PBXNativeTarget section */
		467F5B2C298D1A45007D4E4A /* Vnavigate */ = {
			isa = PBXNativeTarget;
			buildConfigurationList = 467F5B41298D1A47007D4E4A /* Build configuration list for PBXNativeTarget "Vnavigate" */;
			buildPhases = (
				467F5B29298D1A45007D4E4A /* Sources */,
				467F5B2A298D1A45007D4E4A /* Frameworks */,
				467F5B2B298D1A45007D4E4A /* Resources */,
			);
			buildRules = (
			);
			dependencies = (
			);
			name = Vnavigate;
			packageProductDependencies = (
				46A1A52629929AAC005A48B8 /* FirebaseAuth */,
			);
			productName = Vnavigate;
			productReference = 467F5B2D298D1A45007D4E4A /* Vnavigate.app */;
			productType = "com.apple.product-type.application";
		};
/* End PBXNativeTarget section */

/* Begin PBXProject section */
		467F5B25298D1A45007D4E4A /* Project object */ = {
			isa = PBXProject;
			attributes = {
				BuildIndependentTargetsInParallel = 1;
				LastSwiftUpdateCheck = 1420;
				LastUpgradeCheck = 1420;
				TargetAttributes = {
					467F5B2C298D1A45007D4E4A = {
						CreatedOnToolsVersion = 14.2;
					};
				};
			};
			buildConfigurationList = 467F5B28298D1A45007D4E4A /* Build configuration list for PBXProject "Vnavigate" */;
			compatibilityVersion = "Xcode 14.0";
			developmentRegion = en;
			hasScannedForEncodings = 0;
			knownRegions = (
				en,
				Base,
			);
			mainGroup = 467F5B24298D1A45007D4E4A;
			packageReferences = (
				46A1A52529929AAC005A48B8 /* XCRemoteSwiftPackageReference "firebase-ios-sdk" */,
			);
			productRefGroup = 467F5B2E298D1A45007D4E4A /* Products */;
			projectDirPath = "";
			projectRoot = "";
			targets = (
				467F5B2C298D1A45007D4E4A /* Vnavigate */,
			);
		};
/* End PBXProject section */

/* Begin PBXResourcesBuildPhase section */
		467F5B2B298D1A45007D4E4A /* Resources */ = {
			isa = PBXResourcesBuildPhase;
			buildActionMask = 2147483647;
			files = (
				46C545762993D7FF00C5CD35 /* favorite.gif in Resources */,
				467F5B3D298D1A47007D4E4A /* LaunchScreen.storyboard in Resources */,
				46A1A52F29929EFE005A48B8 /* GoogleService-Info.plist in Resources */,
				46C545782993D7FF00C5CD35 /* start.gif in Resources */,
				46C5456E29939DB600C5CD35 /* README.md in Resources */,
				467F5B56298D1D8B007D4E4A /* preload.json in Resources */,
				46C545772993D7FF00C5CD35 /* friend.gif in Resources */,
				467F5B3A298D1A47007D4E4A /* Assets.xcassets in Resources */,
			);
			runOnlyForDeploymentPostprocessing = 0;
		};
/* End PBXResourcesBuildPhase section */

/* Begin PBXSourcesBuildPhase section */
		467F5B29298D1A45007D4E4A /* Sources */ = {
			isa = PBXSourcesBuildPhase;
			buildActionMask = 2147483647;
			files = (
				46A1A51A299298B0005A48B8 /* ConfirmRegisterViewModel.swift in Sources */,
				46988E6D298F0418003ECEBD /* FavoritesViewModel.swift in Sources */,
				46CB4BAB2991753100A7AD9C /* ProfilePhotoDetailCell.swift in Sources */,
				467F5B86298EE16D007D4E4A /* HomePostDetailViewController.swift in Sources */,
				46CB4B9329910CEE00A7AD9C /* ProfileCompositionalLayout.swift in Sources */,
				46988E71298F05A9003ECEBD /* FavoritesCell.swift in Sources */,
				467F5B51298D1BE1007D4E4A /* CoreDataManager.swift in Sources */,
				46CB4BA12991585000A7AD9C /* ProfilePhotosViewModel.swift in Sources */,
				46CB4B9D29914FEF00A7AD9C /* ProfilePostDetailViewModel.swift in Sources */,
				467F5B74298D2255007D4E4A /* HomeViewModel.swift in Sources */,
				467F5B7A298D3543007D4E4A /* Typealiases.swift in Sources */,
				46A1A52029929920005A48B8 /* ConfirmLoginViewController.swift in Sources */,
				46CB4B992991232600A7AD9C /* ProfilePostCell.swift in Sources */,
				46CB4B8D29910BCB00A7AD9C /* ProfileViewController.swift in Sources */,
				467F5B5A298D1F1D007D4E4A /* TabCoordinator.swift in Sources */,
				46CB4BA929916FE800A7AD9C /* ProfilePhotosDetailViewModel.swift in Sources */,
				46988E73298F0BA4003ECEBD /* FavoritesDetailsViewController.swift in Sources */,
				467F5B4C298D1B5B007D4E4A /* CircularImageView.swift in Sources */,
				46CB4B9129910C7B00A7AD9C /* ProfileSection.swift in Sources */,
				46CB4BA729916EDB00A7AD9C /* ProfilePhotoDetailViewModel.swift in Sources */,
				467F5B67298D2154007D4E4A /* UIView+Extension.swift in Sources */,
				467F5B4A298D1B2E007D4E4A /* PhoneNumberFofmatter.swift in Sources */,
				467F5B60298D206D007D4E4A /* ProfileCoordinator.swift in Sources */,
				467F5B31298D1A45007D4E4A /* AppDelegate.swift in Sources */,
				46A1A51329929831005A48B8 /* AuthCoordinator.swift in Sources */,
				46A1A51E299298F1005A48B8 /* LoginViewController.swift in Sources */,
				46A1A52D29929D70005A48B8 /* CustomError.swift in Sources */,
				46CB4B9F299157A300A7AD9C /* ProfilePhotosViewContoller.swift in Sources */,
				46A1A52229929945005A48B8 /* RegisterViewController.swift in Sources */,
				46CB4B9B29914EF700A7AD9C /* ProfilePostDetailViewController.swift in Sources */,
				467F5B76298D2298007D4E4A /* PreloadData.swift in Sources */,
				46CB4BA329916D0C00A7AD9C /* ProfilePhotosDetailViewController.swift in Sources */,
				467F5B62298D20A0007D4E4A /* FavoritesCoordinator.swift in Sources */,
				467F5B58298D1E98007D4E4A /* AppCoordinator.swift in Sources */,
				46CB4B952991201C00A7AD9C /* ProfileInfoCell.swift in Sources */,
				467F5B7C298D3583007D4E4A /* HomeSection.swift in Sources */,
				46A1A5182992989A005A48B8 /* ConfirmLoginViewModel.swift in Sources */,
				467F5B65298D2139007D4E4A /* String+Extension.swift in Sources */,
				467F5B69298D2169007D4E4A /* UIAlertController+Extension.swift in Sources */,
				467F5B33298D1A45007D4E4A /* SceneDelegate.swift in Sources */,
				467F5B80298D3B59007D4E4A /* HomeCompositionalLayout.swift in Sources */,
				467F5B54298D1BFF007D4E4A /* CoreDataModel.xcdatamodeld in Sources */,
				46CB4B972991230900A7AD9C /* ProfilePhotoCell.swift in Sources */,
				467F5B78298D2330007D4E4A /* HomeViewController.swift in Sources */,
				467F5B7E298D3A30007D4E4A /* HomeFriendCell.swift in Sources */,
				46988E6B298F03BC003ECEBD /* FavoritesSection.swift in Sources */,
				46988E69298F0397003ECEBD /* FavoritesCompositionLayout.swift in Sources */,
				46A1A51C299298CD005A48B8 /* AuthViewController.swift in Sources */,
				467F5B5C298D1F61007D4E4A /* CustomColor.swift in Sources */,
				467F5B48298D1B07007D4E4A /* State.swift in Sources */,
				467F5B5E298D201D007D4E4A /* HomeCoordinator.swift in Sources */,
				46CB4B8F29910C4300A7AD9C /* ProfileViewModel.swift in Sources */,
				46988E6F298F0515003ECEBD /* FavoritesViewController.swift in Sources */,
				467F5B82298D3F9B007D4E4A /* HomePostCell.swift in Sources */,
				46A1A52429929963005A48B8 /* ConfirmRegisterViewController.swift in Sources */,
				46A1A52B29929CE2005A48B8 /* AuthService.swift in Sources */,
			);
			runOnlyForDeploymentPostprocessing = 0;
		};
/* End PBXSourcesBuildPhase section */

/* Begin PBXVariantGroup section */
		467F5B3B298D1A47007D4E4A /* LaunchScreen.storyboard */ = {
			isa = PBXVariantGroup;
			children = (
				467F5B3C298D1A47007D4E4A /* Base */,
			);
			name = LaunchScreen.storyboard;
			sourceTree = "<group>";
		};
/* End PBXVariantGroup section */

/* Begin XCBuildConfiguration section */
		467F5B3F298D1A47007D4E4A /* Debug */ = {
			isa = XCBuildConfiguration;
			buildSettings = {
				ALWAYS_SEARCH_USER_PATHS = NO;
				CLANG_ANALYZER_NONNULL = YES;
				CLANG_ANALYZER_NUMBER_OBJECT_CONVERSION = YES_AGGRESSIVE;
				CLANG_CXX_LANGUAGE_STANDARD = "gnu++20";
				CLANG_ENABLE_MODULES = YES;
				CLANG_ENABLE_OBJC_ARC = YES;
				CLANG_ENABLE_OBJC_WEAK = YES;
				CLANG_WARN_BLOCK_CAPTURE_AUTORELEASING = YES;
				CLANG_WARN_BOOL_CONVERSION = YES;
				CLANG_WARN_COMMA = YES;
				CLANG_WARN_CONSTANT_CONVERSION = YES;
				CLANG_WARN_DEPRECATED_OBJC_IMPLEMENTATIONS = YES;
				CLANG_WARN_DIRECT_OBJC_ISA_USAGE = YES_ERROR;
				CLANG_WARN_DOCUMENTATION_COMMENTS = YES;
				CLANG_WARN_EMPTY_BODY = YES;
				CLANG_WARN_ENUM_CONVERSION = YES;
				CLANG_WARN_INFINITE_RECURSION = YES;
				CLANG_WARN_INT_CONVERSION = YES;
				CLANG_WARN_NON_LITERAL_NULL_CONVERSION = YES;
				CLANG_WARN_OBJC_IMPLICIT_RETAIN_SELF = YES;
				CLANG_WARN_OBJC_LITERAL_CONVERSION = YES;
				CLANG_WARN_OBJC_ROOT_CLASS = YES_ERROR;
				CLANG_WARN_QUOTED_INCLUDE_IN_FRAMEWORK_HEADER = YES;
				CLANG_WARN_RANGE_LOOP_ANALYSIS = YES;
				CLANG_WARN_STRICT_PROTOTYPES = YES;
				CLANG_WARN_SUSPICIOUS_MOVE = YES;
				CLANG_WARN_UNGUARDED_AVAILABILITY = YES_AGGRESSIVE;
				CLANG_WARN_UNREACHABLE_CODE = YES;
				CLANG_WARN__DUPLICATE_METHOD_MATCH = YES;
				COPY_PHASE_STRIP = NO;
				DEBUG_INFORMATION_FORMAT = dwarf;
				ENABLE_STRICT_OBJC_MSGSEND = YES;
				ENABLE_TESTABILITY = YES;
				GCC_C_LANGUAGE_STANDARD = gnu11;
				GCC_DYNAMIC_NO_PIC = NO;
				GCC_NO_COMMON_BLOCKS = YES;
				GCC_OPTIMIZATION_LEVEL = 0;
				GCC_PREPROCESSOR_DEFINITIONS = (
					"DEBUG=1",
					"$(inherited)",
				);
				GCC_WARN_64_TO_32_BIT_CONVERSION = YES;
				GCC_WARN_ABOUT_RETURN_TYPE = YES_ERROR;
				GCC_WARN_UNDECLARED_SELECTOR = YES;
				GCC_WARN_UNINITIALIZED_AUTOS = YES_AGGRESSIVE;
				GCC_WARN_UNUSED_FUNCTION = YES;
				GCC_WARN_UNUSED_VARIABLE = YES;
				IPHONEOS_DEPLOYMENT_TARGET = 16.2;
				MTL_ENABLE_DEBUG_INFO = INCLUDE_SOURCE;
				MTL_FAST_MATH = YES;
				ONLY_ACTIVE_ARCH = YES;
				SDKROOT = iphoneos;
				SWIFT_ACTIVE_COMPILATION_CONDITIONS = DEBUG;
				SWIFT_OPTIMIZATION_LEVEL = "-Onone";
			};
			name = Debug;
		};
		467F5B40298D1A47007D4E4A /* Release */ = {
			isa = XCBuildConfiguration;
			buildSettings = {
				ALWAYS_SEARCH_USER_PATHS = NO;
				CLANG_ANALYZER_NONNULL = YES;
				CLANG_ANALYZER_NUMBER_OBJECT_CONVERSION = YES_AGGRESSIVE;
				CLANG_CXX_LANGUAGE_STANDARD = "gnu++20";
				CLANG_ENABLE_MODULES = YES;
				CLANG_ENABLE_OBJC_ARC = YES;
				CLANG_ENABLE_OBJC_WEAK = YES;
				CLANG_WARN_BLOCK_CAPTURE_AUTORELEASING = YES;
				CLANG_WARN_BOOL_CONVERSION = YES;
				CLANG_WARN_COMMA = YES;
				CLANG_WARN_CONSTANT_CONVERSION = YES;
				CLANG_WARN_DEPRECATED_OBJC_IMPLEMENTATIONS = YES;
				CLANG_WARN_DIRECT_OBJC_ISA_USAGE = YES_ERROR;
				CLANG_WARN_DOCUMENTATION_COMMENTS = YES;
				CLANG_WARN_EMPTY_BODY = YES;
				CLANG_WARN_ENUM_CONVERSION = YES;
				CLANG_WARN_INFINITE_RECURSION = YES;
				CLANG_WARN_INT_CONVERSION = YES;
				CLANG_WARN_NON_LITERAL_NULL_CONVERSION = YES;
				CLANG_WARN_OBJC_IMPLICIT_RETAIN_SELF = YES;
				CLANG_WARN_OBJC_LITERAL_CONVERSION = YES;
				CLANG_WARN_OBJC_ROOT_CLASS = YES_ERROR;
				CLANG_WARN_QUOTED_INCLUDE_IN_FRAMEWORK_HEADER = YES;
				CLANG_WARN_RANGE_LOOP_ANALYSIS = YES;
				CLANG_WARN_STRICT_PROTOTYPES = YES;
				CLANG_WARN_SUSPICIOUS_MOVE = YES;
				CLANG_WARN_UNGUARDED_AVAILABILITY = YES_AGGRESSIVE;
				CLANG_WARN_UNREACHABLE_CODE = YES;
				CLANG_WARN__DUPLICATE_METHOD_MATCH = YES;
				COPY_PHASE_STRIP = NO;
				DEBUG_INFORMATION_FORMAT = "dwarf-with-dsym";
				ENABLE_NS_ASSERTIONS = NO;
				ENABLE_STRICT_OBJC_MSGSEND = YES;
				GCC_C_LANGUAGE_STANDARD = gnu11;
				GCC_NO_COMMON_BLOCKS = YES;
				GCC_WARN_64_TO_32_BIT_CONVERSION = YES;
				GCC_WARN_ABOUT_RETURN_TYPE = YES_ERROR;
				GCC_WARN_UNDECLARED_SELECTOR = YES;
				GCC_WARN_UNINITIALIZED_AUTOS = YES_AGGRESSIVE;
				GCC_WARN_UNUSED_FUNCTION = YES;
				GCC_WARN_UNUSED_VARIABLE = YES;
				IPHONEOS_DEPLOYMENT_TARGET = 16.2;
				MTL_ENABLE_DEBUG_INFO = NO;
				MTL_FAST_MATH = YES;
				SDKROOT = iphoneos;
				SWIFT_COMPILATION_MODE = wholemodule;
				SWIFT_OPTIMIZATION_LEVEL = "-O";
				VALIDATE_PRODUCT = YES;
			};
			name = Release;
		};
		467F5B42298D1A47007D4E4A /* Debug */ = {
			isa = XCBuildConfiguration;
			buildSettings = {
				ASSETCATALOG_COMPILER_APPICON_NAME = AppIcon;
				ASSETCATALOG_COMPILER_GLOBAL_ACCENT_COLOR_NAME = AccentColor;
				CODE_SIGN_STYLE = Automatic;
				CURRENT_PROJECT_VERSION = 1;
				GENERATE_INFOPLIST_FILE = YES;
				INFOPLIST_FILE = Vnavigate/Info.plist;
				INFOPLIST_KEY_UIApplicationSupportsIndirectInputEvents = YES;
				INFOPLIST_KEY_UILaunchStoryboardName = LaunchScreen;
				INFOPLIST_KEY_UISupportedInterfaceOrientations_iPad = "UIInterfaceOrientationPortrait UIInterfaceOrientationPortraitUpsideDown UIInterfaceOrientationLandscapeLeft UIInterfaceOrientationLandscapeRight";
				INFOPLIST_KEY_UISupportedInterfaceOrientations_iPhone = "UIInterfaceOrientationPortrait UIInterfaceOrientationLandscapeLeft UIInterfaceOrientationLandscapeRight";
				LD_RUNPATH_SEARCH_PATHS = (
					"$(inherited)",
					"@executable_path/Frameworks",
				);
				MARKETING_VERSION = 1.0;
				PRODUCT_BUNDLE_IDENTIFIER = ru.dmtri.Vnavigate;
				PRODUCT_NAME = "$(TARGET_NAME)";
				SWIFT_EMIT_LOC_STRINGS = YES;
				SWIFT_VERSION = 5.0;
				TARGETED_DEVICE_FAMILY = "1,2";
			};
			name = Debug;
		};
		467F5B43298D1A47007D4E4A /* Release */ = {
			isa = XCBuildConfiguration;
			buildSettings = {
				ASSETCATALOG_COMPILER_APPICON_NAME = AppIcon;
				ASSETCATALOG_COMPILER_GLOBAL_ACCENT_COLOR_NAME = AccentColor;
				CODE_SIGN_STYLE = Automatic;
				CURRENT_PROJECT_VERSION = 1;
				GENERATE_INFOPLIST_FILE = YES;
				INFOPLIST_FILE = Vnavigate/Info.plist;
				INFOPLIST_KEY_UIApplicationSupportsIndirectInputEvents = YES;
				INFOPLIST_KEY_UILaunchStoryboardName = LaunchScreen;
				INFOPLIST_KEY_UISupportedInterfaceOrientations_iPad = "UIInterfaceOrientationPortrait UIInterfaceOrientationPortraitUpsideDown UIInterfaceOrientationLandscapeLeft UIInterfaceOrientationLandscapeRight";
				INFOPLIST_KEY_UISupportedInterfaceOrientations_iPhone = "UIInterfaceOrientationPortrait UIInterfaceOrientationLandscapeLeft UIInterfaceOrientationLandscapeRight";
				LD_RUNPATH_SEARCH_PATHS = (
					"$(inherited)",
					"@executable_path/Frameworks",
				);
				MARKETING_VERSION = 1.0;
				PRODUCT_BUNDLE_IDENTIFIER = ru.dmtri.Vnavigate;
				PRODUCT_NAME = "$(TARGET_NAME)";
				SWIFT_EMIT_LOC_STRINGS = YES;
				SWIFT_VERSION = 5.0;
				TARGETED_DEVICE_FAMILY = "1,2";
			};
			name = Release;
		};
/* End XCBuildConfiguration section */

/* Begin XCConfigurationList section */
		467F5B28298D1A45007D4E4A /* Build configuration list for PBXProject "Vnavigate" */ = {
			isa = XCConfigurationList;
			buildConfigurations = (
				467F5B3F298D1A47007D4E4A /* Debug */,
				467F5B40298D1A47007D4E4A /* Release */,
			);
			defaultConfigurationIsVisible = 0;
			defaultConfigurationName = Release;
		};
		467F5B41298D1A47007D4E4A /* Build configuration list for PBXNativeTarget "Vnavigate" */ = {
			isa = XCConfigurationList;
			buildConfigurations = (
				467F5B42298D1A47007D4E4A /* Debug */,
				467F5B43298D1A47007D4E4A /* Release */,
			);
			defaultConfigurationIsVisible = 0;
			defaultConfigurationName = Release;
		};
/* End XCConfigurationList section */

/* Begin XCRemoteSwiftPackageReference section */
		46A1A52529929AAC005A48B8 /* XCRemoteSwiftPackageReference "firebase-ios-sdk" */ = {
			isa = XCRemoteSwiftPackageReference;
			repositoryURL = "https://github.com/firebase/firebase-ios-sdk";
			requirement = {
				kind = upToNextMajorVersion;
				minimumVersion = 9.0.0;
			};
		};
/* End XCRemoteSwiftPackageReference section */

/* Begin XCSwiftPackageProductDependency section */
		46A1A52629929AAC005A48B8 /* FirebaseAuth */ = {
			isa = XCSwiftPackageProductDependency;
			package = 46A1A52529929AAC005A48B8 /* XCRemoteSwiftPackageReference "firebase-ios-sdk" */;
			productName = FirebaseAuth;
		};
/* End XCSwiftPackageProductDependency section */

/* Begin XCVersionGroup section */
		467F5B52298D1BFF007D4E4A /* CoreDataModel.xcdatamodeld */ = {
			isa = XCVersionGroup;
			children = (
				467F5B53298D1BFF007D4E4A /* CoreDataModel.xcdatamodel */,
			);
			currentVersion = 467F5B53298D1BFF007D4E4A /* CoreDataModel.xcdatamodel */;
			path = CoreDataModel.xcdatamodeld;
			sourceTree = "<group>";
			versionGroupType = wrapper.xcdatamodel;
		};
/* End XCVersionGroup section */
	};
	rootObject = 467F5B25298D1A45007D4E4A /* Project object */;
}
